// !$*UTF8*$!
{
	archiveVersion = 1;
	classes = {
	};
	objectVersion = 46;
	objects = {

/* Begin PBXBuildFile section */
		1271094618780B1F0021E87E /* Foundation.framework in Frameworks */ = {isa = PBXBuildFile; fileRef = 1271094518780B1F0021E87E /* Foundation.framework */; };
		1271094818780B1F0021E87E /* CoreGraphics.framework in Frameworks */ = {isa = PBXBuildFile; fileRef = 1271094718780B1F0021E87E /* CoreGraphics.framework */; };
		1271094A18780B1F0021E87E /* UIKit.framework in Frameworks */ = {isa = PBXBuildFile; fileRef = 1271094918780B1F0021E87E /* UIKit.framework */; };
		1271095018780B1F0021E87E /* InfoPlist.strings in Resources */ = {isa = PBXBuildFile; fileRef = 1271094E18780B1F0021E87E /* InfoPlist.strings */; };
		1271095218780B1F0021E87E /* main.m in Sources */ = {isa = PBXBuildFile; fileRef = 1271095118780B1F0021E87E /* main.m */; };
		1271095618780B1F0021E87E /* RXAppDelegate.m in Sources */ = {isa = PBXBuildFile; fileRef = 1271095518780B1F0021E87E /* RXAppDelegate.m */; };
		1271095918780B1F0021E87E /* Main.storyboard in Resources */ = {isa = PBXBuildFile; fileRef = 1271095718780B1F0021E87E /* Main.storyboard */; };
		1271095C18780B1F0021E87E /* RXMasterViewController.m in Sources */ = {isa = PBXBuildFile; fileRef = 1271095B18780B1F0021E87E /* RXMasterViewController.m */; };
		1271095F18780B1F0021E87E /* RXDetailViewController.m in Sources */ = {isa = PBXBuildFile; fileRef = 1271095E18780B1F0021E87E /* RXDetailViewController.m */; };
		1271096118780B1F0021E87E /* Images.xcassets in Resources */ = {isa = PBXBuildFile; fileRef = 1271096018780B1F0021E87E /* Images.xcassets */; };
		1271096818780B1F0021E87E /* XCTest.framework in Frameworks */ = {isa = PBXBuildFile; fileRef = 1271096718780B1F0021E87E /* XCTest.framework */; };
		1271096918780B1F0021E87E /* Foundation.framework in Frameworks */ = {isa = PBXBuildFile; fileRef = 1271094518780B1F0021E87E /* Foundation.framework */; };
		1271096A18780B1F0021E87E /* UIKit.framework in Frameworks */ = {isa = PBXBuildFile; fileRef = 1271094918780B1F0021E87E /* UIKit.framework */; };
		1271097218780B1F0021E87E /* InfoPlist.strings in Resources */ = {isa = PBXBuildFile; fileRef = 1271097018780B1F0021E87E /* InfoPlist.strings */; };
		1271097418780B1F0021E87E /* OctoKitDemoTests.m in Sources */ = {isa = PBXBuildFile; fileRef = 1271097318780B1F0021E87E /* OctoKitDemoTests.m */; };
		12A78F8918790B7E006B90E5 /* libOctoKit.a in Frameworks */ = {isa = PBXBuildFile; fileRef = 12A78D1C18790A8F006B90E5 /* libOctoKit.a */; };
		12A78F8A18790B93006B90E5 /* libMantle-iOS.a in Frameworks */ = {isa = PBXBuildFile; fileRef = 12A78F6018790AD0006B90E5 /* libMantle-iOS.a */; };
		12A78F8B18790B9D006B90E5 /* libReactiveCocoa-iOS.a in Frameworks */ = {isa = PBXBuildFile; fileRef = 12A78F7218790ADD006B90E5 /* libReactiveCocoa-iOS.a */; };
		12A78F8C18790BA6006B90E5 /* libAFNetworking.a in Frameworks */ = {isa = PBXBuildFile; fileRef = 12A78D2918790AA3006B90E5 /* libAFNetworking.a */; };
		12A78F8D18790BB0006B90E5 /* libISO8601DateFormatter.a in Frameworks */ = {isa = PBXBuildFile; fileRef = 12A78D2D18790AA3006B90E5 /* libISO8601DateFormatter.a */; };
		12A78F8F18790DC7006B90E5 /* CFNetwork.framework in Frameworks */ = {isa = PBXBuildFile; fileRef = 12A78F8E18790DC7006B90E5 /* CFNetwork.framework */; };
		12A78F9118790DD9006B90E5 /* SystemConfiguration.framework in Frameworks */ = {isa = PBXBuildFile; fileRef = 12A78F9018790DD9006B90E5 /* SystemConfiguration.framework */; };
		12A78F9318790DE0006B90E5 /* MobileCoreServices.framework in Frameworks */ = {isa = PBXBuildFile; fileRef = 12A78F9218790DE0006B90E5 /* MobileCoreServices.framework */; };
/* End PBXBuildFile section */

/* Begin PBXContainerItemProxy section */
		1271096B18780B1F0021E87E /* PBXContainerItemProxy */ = {
			isa = PBXContainerItemProxy;
			containerPortal = 1271093A18780B1F0021E87E /* Project object */;
			proxyType = 1;
			remoteGlobalIDString = 1271094118780B1F0021E87E;
			remoteInfo = OctoKitDemo;
		};
		12A78D1718790A8F006B90E5 /* PBXContainerItemProxy */ = {
			isa = PBXContainerItemProxy;
			containerPortal = 12A78D0618790A8E006B90E5 /* OctoKit.xcodeproj */;
			proxyType = 2;
			remoteGlobalIDString = D0871EA8169E2EFC00016ACA;
			remoteInfo = "OctoKit Mac";
		};
		12A78D1918790A8F006B90E5 /* PBXContainerItemProxy */ = {
			isa = PBXContainerItemProxy;
			containerPortal = 12A78D0618790A8E006B90E5 /* OctoKit.xcodeproj */;
			proxyType = 2;
			remoteGlobalIDString = D0871EC0169E2EFC00016ACA;
			remoteInfo = "OctoKit Mac Tests";
		};
		12A78D1B18790A8F006B90E5 /* PBXContainerItemProxy */ = {
			isa = PBXContainerItemProxy;
			containerPortal = 12A78D0618790A8E006B90E5 /* OctoKit.xcodeproj */;
			proxyType = 2;
			remoteGlobalIDString = D0871FE4169E309900016ACA;
			remoteInfo = "OctoKit iOS";
		};
		12A78D1D18790A8F006B90E5 /* PBXContainerItemProxy */ = {
			isa = PBXContainerItemProxy;
			containerPortal = 12A78D0618790A8E006B90E5 /* OctoKit.xcodeproj */;
			proxyType = 2;
			remoteGlobalIDString = D0871FF3169E309A00016ACA;
			remoteInfo = "OctoKit iOS Tests";
		};
		12A78D2618790AA3006B90E5 /* PBXContainerItemProxy */ = {
			isa = PBXContainerItemProxy;
			containerPortal = 12A78D1F18790AA3006B90E5 /* OctoKitDependencies.xcodeproj */;
			proxyType = 2;
			remoteGlobalIDString = D0476DBD177916920071F3CB;
			remoteInfo = "AFNetworking Mac";
		};
		12A78D2818790AA3006B90E5 /* PBXContainerItemProxy */ = {
			isa = PBXContainerItemProxy;
			containerPortal = 12A78D1F18790AA3006B90E5 /* OctoKitDependencies.xcodeproj */;
			proxyType = 2;
			remoteGlobalIDString = D0476DFF177917050071F3CB;
			remoteInfo = "AFNetworking iOS";
		};
		12A78D2A18790AA3006B90E5 /* PBXContainerItemProxy */ = {
			isa = PBXContainerItemProxy;
			containerPortal = 12A78D1F18790AA3006B90E5 /* OctoKitDependencies.xcodeproj */;
			proxyType = 2;
			remoteGlobalIDString = D0476E5E17791AA50071F3CB;
			remoteInfo = "ISO8601DateFormatter Mac";
		};
		12A78D2C18790AA3006B90E5 /* PBXContainerItemProxy */ = {
			isa = PBXContainerItemProxy;
			containerPortal = 12A78D1F18790AA3006B90E5 /* OctoKitDependencies.xcodeproj */;
			proxyType = 2;
			remoteGlobalIDString = D0476E8817791AE70071F3CB;
			remoteInfo = "ISO8601DateFormatter iOS";
		};
		12A78F5B18790AD0006B90E5 /* PBXContainerItemProxy */ = {
			isa = PBXContainerItemProxy;
			containerPortal = 12A78F5318790AD0006B90E5 /* Mantle.xcodeproj */;
			proxyType = 2;
			remoteGlobalIDString = D042FC3C15F72B23004E8054;
			remoteInfo = Mantle;
		};
		12A78F5D18790AD0006B90E5 /* PBXContainerItemProxy */ = {
			isa = PBXContainerItemProxy;
			containerPortal = 12A78F5318790AD0006B90E5 /* Mantle.xcodeproj */;
			proxyType = 2;
			remoteGlobalIDString = D042FC5415F72B23004E8054;
			remoteInfo = "Mantle Tests";
		};
		12A78F5F18790AD0006B90E5 /* PBXContainerItemProxy */ = {
			isa = PBXContainerItemProxy;
			containerPortal = 12A78F5318790AD0006B90E5 /* Mantle.xcodeproj */;
			proxyType = 2;
			remoteGlobalIDString = D042FC7915F72BC7004E8054;
			remoteInfo = "Mantle-iOS";
		};
		12A78F6118790AD0006B90E5 /* PBXContainerItemProxy */ = {
			isa = PBXContainerItemProxy;
			containerPortal = 12A78F5318790AD0006B90E5 /* Mantle.xcodeproj */;
			proxyType = 2;
			remoteGlobalIDString = D042FC8715F72BC7004E8054;
			remoteInfo = "Mantle-iOS Tests";
		};
		12A78F6318790AD0006B90E5 /* PBXContainerItemProxy */ = {
			isa = PBXContainerItemProxy;
			containerPortal = 12A78F5318790AD0006B90E5 /* Mantle.xcodeproj */;
			proxyType = 2;
			remoteGlobalIDString = D0A56B461804B04900A84EDC;
			remoteInfo = "Mantle-Mac";
		};
		12A78F6F18790ADD006B90E5 /* PBXContainerItemProxy */ = {
			isa = PBXContainerItemProxy;
			containerPortal = 12A78F6518790ADC006B90E5 /* ReactiveCocoa.xcodeproj */;
			proxyType = 2;
			remoteGlobalIDString = 88037F8315056328001A5B19;
			remoteInfo = ReactiveCocoa;
		};
		12A78F7118790ADD006B90E5 /* PBXContainerItemProxy */ = {
			isa = PBXContainerItemProxy;
			containerPortal = 12A78F6518790ADC006B90E5 /* ReactiveCocoa.xcodeproj */;
			proxyType = 2;
			remoteGlobalIDString = 88F440AB153DAC820097B4C3;
			remoteInfo = "ReactiveCocoa-iOS";
		};
		12A78F7318790ADD006B90E5 /* PBXContainerItemProxy */ = {
			isa = PBXContainerItemProxy;
			containerPortal = 12A78F6518790ADC006B90E5 /* ReactiveCocoa.xcodeproj */;
			proxyType = 2;
			remoteGlobalIDString = 88CDF7DC15000FCF00163A9F;
			remoteInfo = ReactiveCocoaTests;
		};
		12A78F7518790ADD006B90E5 /* PBXContainerItemProxy */ = {
			isa = PBXContainerItemProxy;
			containerPortal = 12A78F6518790ADC006B90E5 /* ReactiveCocoa.xcodeproj */;
			proxyType = 2;
			remoteGlobalIDString = 5FAF5223174D4C2000CAC810;
			remoteInfo = "ReactiveCocoaTests-iOS";
		};
		12A78F7718790ADD006B90E5 /* PBXContainerItemProxy */ = {
			isa = PBXContainerItemProxy;
			containerPortal = 12A78F6518790ADC006B90E5 /* ReactiveCocoa.xcodeproj */;
			proxyType = 2;
			remoteGlobalIDString = 1860F412177C91B500C7B3C9;
			remoteInfo = "ReactiveCocoa-iOS-UIKitTestHost";
		};
		12A78F7918790ADD006B90E5 /* PBXContainerItemProxy */ = {
			isa = PBXContainerItemProxy;
			containerPortal = 12A78F6518790ADC006B90E5 /* ReactiveCocoa.xcodeproj */;
			proxyType = 2;
			remoteGlobalIDString = 1860F430177C91B500C7B3C9;
			remoteInfo = "ReactiveCocoa-iOS-UIKitTestHostTests";
		};
		12A78F7B18790ADD006B90E5 /* PBXContainerItemProxy */ = {
			isa = PBXContainerItemProxy;
			containerPortal = 12A78F6518790ADC006B90E5 /* ReactiveCocoa.xcodeproj */;
			proxyType = 2;
			remoteGlobalIDString = D05AD39417F2D56F0080895B;
			remoteInfo = "ReactiveCocoa-Mac";
		};
		12A78F8318790B00006B90E5 /* PBXContainerItemProxy */ = {
			isa = PBXContainerItemProxy;
			containerPortal = 12A78F7D18790B00006B90E5 /* OHHTTPStubs.xcodeproj */;
			proxyType = 2;
			remoteGlobalIDString = 09793579161B6251006DB5D5;
			remoteInfo = "OHHTTPStubs-iOS";
		};
		12A78F8518790B00006B90E5 /* PBXContainerItemProxy */ = {
			isa = PBXContainerItemProxy;
			containerPortal = 12A78F7D18790B00006B90E5 /* OHHTTPStubs.xcodeproj */;
			proxyType = 2;
			remoteGlobalIDString = 098368CE168FC7920082B1A4;
			remoteInfo = UnitTests;
		};
		12A78F8718790B00006B90E5 /* PBXContainerItemProxy */ = {
			isa = PBXContainerItemProxy;
			containerPortal = 12A78F7D18790B00006B90E5 /* OHHTTPStubs.xcodeproj */;
			proxyType = 2;
			remoteGlobalIDString = F6C37BA016F6C8680082B630;
			remoteInfo = OHHTTPStubs;
		};
/* End PBXContainerItemProxy section */

/* Begin PBXFileReference section */
		124D285F187919EC0093E0A8 /* AccountSettings.h */ = {isa = PBXFileReference; fileEncoding = 4; lastKnownFileType = sourcecode.c.h; path = AccountSettings.h; sourceTree = SOURCE_ROOT; };
		1271094218780B1F0021E87E /* OctoKitDemo.app */ = {isa = PBXFileReference; explicitFileType = wrapper.application; includeInIndex = 0; path = OctoKitDemo.app; sourceTree = BUILT_PRODUCTS_DIR; };
		1271094518780B1F0021E87E /* Foundation.framework */ = {isa = PBXFileReference; lastKnownFileType = wrapper.framework; name = Foundation.framework; path = System/Library/Frameworks/Foundation.framework; sourceTree = SDKROOT; };
		1271094718780B1F0021E87E /* CoreGraphics.framework */ = {isa = PBXFileReference; lastKnownFileType = wrapper.framework; name = CoreGraphics.framework; path = System/Library/Frameworks/CoreGraphics.framework; sourceTree = SDKROOT; };
		1271094918780B1F0021E87E /* UIKit.framework */ = {isa = PBXFileReference; lastKnownFileType = wrapper.framework; name = UIKit.framework; path = System/Library/Frameworks/UIKit.framework; sourceTree = SDKROOT; };
		1271094D18780B1F0021E87E /* OctoKitDemo-Info.plist */ = {isa = PBXFileReference; lastKnownFileType = text.plist.xml; path = "OctoKitDemo-Info.plist"; sourceTree = "<group>"; };
		1271094F18780B1F0021E87E /* en */ = {isa = PBXFileReference; lastKnownFileType = text.plist.strings; name = en; path = en.lproj/InfoPlist.strings; sourceTree = "<group>"; };
		1271095118780B1F0021E87E /* main.m */ = {isa = PBXFileReference; lastKnownFileType = sourcecode.c.objc; path = main.m; sourceTree = "<group>"; };
		1271095318780B1F0021E87E /* OctoKitDemo-Prefix.pch */ = {isa = PBXFileReference; lastKnownFileType = sourcecode.c.h; path = "OctoKitDemo-Prefix.pch"; sourceTree = "<group>"; };
		1271095418780B1F0021E87E /* RXAppDelegate.h */ = {isa = PBXFileReference; lastKnownFileType = sourcecode.c.h; path = RXAppDelegate.h; sourceTree = "<group>"; };
		1271095518780B1F0021E87E /* RXAppDelegate.m */ = {isa = PBXFileReference; lastKnownFileType = sourcecode.c.objc; path = RXAppDelegate.m; sourceTree = "<group>"; };
		1271095818780B1F0021E87E /* Base */ = {isa = PBXFileReference; lastKnownFileType = file.storyboard; name = Base; path = Base.lproj/Main.storyboard; sourceTree = "<group>"; };
		1271095A18780B1F0021E87E /* RXMasterViewController.h */ = {isa = PBXFileReference; lastKnownFileType = sourcecode.c.h; path = RXMasterViewController.h; sourceTree = "<group>"; };
		1271095B18780B1F0021E87E /* RXMasterViewController.m */ = {isa = PBXFileReference; lastKnownFileType = sourcecode.c.objc; path = RXMasterViewController.m; sourceTree = "<group>"; };
		1271095D18780B1F0021E87E /* RXDetailViewController.h */ = {isa = PBXFileReference; lastKnownFileType = sourcecode.c.h; path = RXDetailViewController.h; sourceTree = "<group>"; };
		1271095E18780B1F0021E87E /* RXDetailViewController.m */ = {isa = PBXFileReference; lastKnownFileType = sourcecode.c.objc; path = RXDetailViewController.m; sourceTree = "<group>"; };
		1271096018780B1F0021E87E /* Images.xcassets */ = {isa = PBXFileReference; lastKnownFileType = folder.assetcatalog; path = Images.xcassets; sourceTree = "<group>"; };
		1271096618780B1F0021E87E /* OctoKitDemoTests.xctest */ = {isa = PBXFileReference; explicitFileType = wrapper.cfbundle; includeInIndex = 0; path = OctoKitDemoTests.xctest; sourceTree = BUILT_PRODUCTS_DIR; };
		1271096718780B1F0021E87E /* XCTest.framework */ = {isa = PBXFileReference; lastKnownFileType = wrapper.framework; name = XCTest.framework; path = Library/Frameworks/XCTest.framework; sourceTree = DEVELOPER_DIR; };
		1271096F18780B1F0021E87E /* OctoKitDemoTests-Info.plist */ = {isa = PBXFileReference; lastKnownFileType = text.plist.xml; path = "OctoKitDemoTests-Info.plist"; sourceTree = "<group>"; };
		1271097118780B1F0021E87E /* en */ = {isa = PBXFileReference; lastKnownFileType = text.plist.strings; name = en; path = en.lproj/InfoPlist.strings; sourceTree = "<group>"; };
		1271097318780B1F0021E87E /* OctoKitDemoTests.m */ = {isa = PBXFileReference; lastKnownFileType = sourcecode.c.objc; path = OctoKitDemoTests.m; sourceTree = "<group>"; };
		12A78D0618790A8E006B90E5 /* OctoKit.xcodeproj */ = {isa = PBXFileReference; lastKnownFileType = "wrapper.pb-project"; name = OctoKit.xcodeproj; path = OctoKit/OctoKit.xcodeproj; sourceTree = "<group>"; };
		12A78D1F18790AA3006B90E5 /* OctoKitDependencies.xcodeproj */ = {isa = PBXFileReference; lastKnownFileType = "wrapper.pb-project"; name = OctoKitDependencies.xcodeproj; path = OctoKit/External/OctoKitDependencies/OctoKitDependencies.xcodeproj; sourceTree = "<group>"; };
		12A78F5318790AD0006B90E5 /* Mantle.xcodeproj */ = {isa = PBXFileReference; lastKnownFileType = "wrapper.pb-project"; name = Mantle.xcodeproj; path = OctoKit/External/Mantle/Mantle.xcodeproj; sourceTree = "<group>"; };
		12A78F6518790ADC006B90E5 /* ReactiveCocoa.xcodeproj */ = {isa = PBXFileReference; lastKnownFileType = "wrapper.pb-project"; name = ReactiveCocoa.xcodeproj; path = OctoKit/External/ReactiveCocoa/ReactiveCocoaFramework/ReactiveCocoa.xcodeproj; sourceTree = "<group>"; };
		12A78F7D18790B00006B90E5 /* OHHTTPStubs.xcodeproj */ = {isa = PBXFileReference; lastKnownFileType = "wrapper.pb-project"; name = OHHTTPStubs.xcodeproj; path = OctoKit/External/OHHTTPStubs/OHHTTPStubs/OHHTTPStubs.xcodeproj; sourceTree = "<group>"; };
		12A78F8E18790DC7006B90E5 /* CFNetwork.framework */ = {isa = PBXFileReference; lastKnownFileType = wrapper.framework; name = CFNetwork.framework; path = System/Library/Frameworks/CFNetwork.framework; sourceTree = SDKROOT; };
		12A78F9018790DD9006B90E5 /* SystemConfiguration.framework */ = {isa = PBXFileReference; lastKnownFileType = wrapper.framework; name = SystemConfiguration.framework; path = System/Library/Frameworks/SystemConfiguration.framework; sourceTree = SDKROOT; };
		12A78F9218790DE0006B90E5 /* MobileCoreServices.framework */ = {isa = PBXFileReference; lastKnownFileType = wrapper.framework; name = MobileCoreServices.framework; path = System/Library/Frameworks/MobileCoreServices.framework; sourceTree = SDKROOT; };
/* End PBXFileReference section */

/* Begin PBXFrameworksBuildPhase section */
		1271093F18780B1F0021E87E /* Frameworks */ = {
			isa = PBXFrameworksBuildPhase;
			buildActionMask = 2147483647;
			files = (
				12A78F9318790DE0006B90E5 /* MobileCoreServices.framework in Frameworks */,
				12A78F9118790DD9006B90E5 /* SystemConfiguration.framework in Frameworks */,
				12A78F8F18790DC7006B90E5 /* CFNetwork.framework in Frameworks */,
				12A78F8D18790BB0006B90E5 /* libISO8601DateFormatter.a in Frameworks */,
				12A78F8C18790BA6006B90E5 /* libAFNetworking.a in Frameworks */,
				12A78F8B18790B9D006B90E5 /* libReactiveCocoa-iOS.a in Frameworks */,
				12A78F8A18790B93006B90E5 /* libMantle-iOS.a in Frameworks */,
				12A78F8918790B7E006B90E5 /* libOctoKit.a in Frameworks */,
				1271094818780B1F0021E87E /* CoreGraphics.framework in Frameworks */,
				1271094A18780B1F0021E87E /* UIKit.framework in Frameworks */,
				1271094618780B1F0021E87E /* Foundation.framework in Frameworks */,
			);
			runOnlyForDeploymentPostprocessing = 0;
		};
		1271096318780B1F0021E87E /* Frameworks */ = {
			isa = PBXFrameworksBuildPhase;
			buildActionMask = 2147483647;
			files = (
				1271096818780B1F0021E87E /* XCTest.framework in Frameworks */,
				1271096A18780B1F0021E87E /* UIKit.framework in Frameworks */,
				1271096918780B1F0021E87E /* Foundation.framework in Frameworks */,
			);
			runOnlyForDeploymentPostprocessing = 0;
		};
/* End PBXFrameworksBuildPhase section */

/* Begin PBXGroup section */
		1271093918780B1F0021E87E = {
			isa = PBXGroup;
			children = (
				1271094B18780B1F0021E87E /* OctoKitDemo */,
				1271096D18780B1F0021E87E /* OctoKitDemoTests */,
				1271094418780B1F0021E87E /* Frameworks */,
				1271094318780B1F0021E87E /* Products */,
				12A78F7D18790B00006B90E5 /* OHHTTPStubs.xcodeproj */,
				12A78F6518790ADC006B90E5 /* ReactiveCocoa.xcodeproj */,
				12A78F5318790AD0006B90E5 /* Mantle.xcodeproj */,
				12A78D1F18790AA3006B90E5 /* OctoKitDependencies.xcodeproj */,
				12A78D0618790A8E006B90E5 /* OctoKit.xcodeproj */,
			);
			sourceTree = "<group>";
		};
		1271094318780B1F0021E87E /* Products */ = {
			isa = PBXGroup;
			children = (
				1271094218780B1F0021E87E /* OctoKitDemo.app */,
				1271096618780B1F0021E87E /* OctoKitDemoTests.xctest */,
			);
			name = Products;
			sourceTree = "<group>";
		};
		1271094418780B1F0021E87E /* Frameworks */ = {
			isa = PBXGroup;
			children = (
				12A78F9218790DE0006B90E5 /* MobileCoreServices.framework */,
				12A78F9018790DD9006B90E5 /* SystemConfiguration.framework */,
				12A78F8E18790DC7006B90E5 /* CFNetwork.framework */,
				1271094518780B1F0021E87E /* Foundation.framework */,
				1271094718780B1F0021E87E /* CoreGraphics.framework */,
				1271094918780B1F0021E87E /* UIKit.framework */,
				1271096718780B1F0021E87E /* XCTest.framework */,
			);
			name = Frameworks;
			sourceTree = "<group>";
		};
		1271094B18780B1F0021E87E /* OctoKitDemo */ = {
			isa = PBXGroup;
			children = (
				124D285F187919EC0093E0A8 /* AccountSettings.h */,
				1271095418780B1F0021E87E /* RXAppDelegate.h */,
				1271095518780B1F0021E87E /* RXAppDelegate.m */,
				1271095718780B1F0021E87E /* Main.storyboard */,
				1271095A18780B1F0021E87E /* RXMasterViewController.h */,
				1271095B18780B1F0021E87E /* RXMasterViewController.m */,
				1271095D18780B1F0021E87E /* RXDetailViewController.h */,
				1271095E18780B1F0021E87E /* RXDetailViewController.m */,
				1271096018780B1F0021E87E /* Images.xcassets */,
				1271094C18780B1F0021E87E /* Supporting Files */,
			);
			path = OctoKitDemo;
			sourceTree = "<group>";
		};
		1271094C18780B1F0021E87E /* Supporting Files */ = {
			isa = PBXGroup;
			children = (
				1271094D18780B1F0021E87E /* OctoKitDemo-Info.plist */,
				1271094E18780B1F0021E87E /* InfoPlist.strings */,
				1271095118780B1F0021E87E /* main.m */,
				1271095318780B1F0021E87E /* OctoKitDemo-Prefix.pch */,
			);
			name = "Supporting Files";
			sourceTree = "<group>";
		};
		1271096D18780B1F0021E87E /* OctoKitDemoTests */ = {
			isa = PBXGroup;
			children = (
				1271097318780B1F0021E87E /* OctoKitDemoTests.m */,
				1271096E18780B1F0021E87E /* Supporting Files */,
			);
			path = OctoKitDemoTests;
			sourceTree = "<group>";
		};
		1271096E18780B1F0021E87E /* Supporting Files */ = {
			isa = PBXGroup;
			children = (
				1271096F18780B1F0021E87E /* OctoKitDemoTests-Info.plist */,
				1271097018780B1F0021E87E /* InfoPlist.strings */,
			);
			name = "Supporting Files";
			sourceTree = "<group>";
		};
		12A78D0718790A8E006B90E5 /* Products */ = {
			isa = PBXGroup;
			children = (
				12A78D1818790A8F006B90E5 /* OctoKit.framework */,
				12A78D1A18790A8F006B90E5 /* OctoKit Mac Tests.octest */,
				12A78D1C18790A8F006B90E5 /* libOctoKit.a */,
				12A78D1E18790A8F006B90E5 /* OctoKit iOS Tests.octest */,
			);
			name = Products;
			sourceTree = "<group>";
		};
		12A78D2018790AA3006B90E5 /* Products */ = {
			isa = PBXGroup;
			children = (
				12A78D2718790AA3006B90E5 /* AFNetworking.framework */,
				12A78D2918790AA3006B90E5 /* libAFNetworking.a */,
				12A78D2B18790AA3006B90E5 /* ISO8601DateFormatter.framework */,
				12A78D2D18790AA3006B90E5 /* libISO8601DateFormatter.a */,
			);
			name = Products;
			sourceTree = "<group>";
		};
		12A78F5418790AD0006B90E5 /* Products */ = {
			isa = PBXGroup;
			children = (
				12A78F5C18790AD0006B90E5 /* Mantle.framework */,
				12A78F5E18790AD0006B90E5 /* Mantle Tests.octest */,
				12A78F6018790AD0006B90E5 /* libMantle-iOS.a */,
				12A78F6218790AD0006B90E5 /* Mantle-iOS Tests.octest */,
				12A78F6418790AD0006B90E5 /* libMantle-Mac.a */,
			);
			name = Products;
			sourceTree = "<group>";
		};
		12A78F6618790ADC006B90E5 /* Products */ = {
			isa = PBXGroup;
			children = (
				12A78F7018790ADD006B90E5 /* ReactiveCocoa.framework */,
				12A78F7218790ADD006B90E5 /* libReactiveCocoa-iOS.a */,
				12A78F7418790ADD006B90E5 /* ReactiveCocoaTests.octest */,
				12A78F7618790ADD006B90E5 /* ReactiveCocoaTests-iOS.octest */,
				12A78F7818790ADD006B90E5 /* ReactiveCocoa-iOS-UIKitTestHost.app */,
				12A78F7A18790ADD006B90E5 /* ReactiveCocoa-iOS-UIKitTestHostTests.octest */,
				12A78F7C18790ADD006B90E5 /* libReactiveCocoa-Mac.a */,
			);
			name = Products;
			sourceTree = "<group>";
		};
		12A78F7E18790B00006B90E5 /* Products */ = {
			isa = PBXGroup;
			children = (
				12A78F8418790B00006B90E5 /* libOHHTTPStubs-iOS.a */,
				12A78F8618790B00006B90E5 /* UnitTests.octest */,
				12A78F8818790B00006B90E5 /* OHHTTPStubs.framework */,
			);
			name = Products;
			sourceTree = "<group>";
		};
/* End PBXGroup section */

/* Begin PBXNativeTarget section */
		1271094118780B1F0021E87E /* OctoKitDemo */ = {
			isa = PBXNativeTarget;
			buildConfigurationList = 1271097718780B1F0021E87E /* Build configuration list for PBXNativeTarget "OctoKitDemo" */;
			buildPhases = (
				1271093E18780B1F0021E87E /* Sources */,
				1271093F18780B1F0021E87E /* Frameworks */,
				1271094018780B1F0021E87E /* Resources */,
			);
			buildRules = (
			);
			dependencies = (
			);
			name = OctoKitDemo;
			productName = OctoKitDemo;
			productReference = 1271094218780B1F0021E87E /* OctoKitDemo.app */;
			productType = "com.apple.product-type.application";
		};
		1271096518780B1F0021E87E /* OctoKitDemoTests */ = {
			isa = PBXNativeTarget;
			buildConfigurationList = 1271097A18780B1F0021E87E /* Build configuration list for PBXNativeTarget "OctoKitDemoTests" */;
			buildPhases = (
				1271096218780B1F0021E87E /* Sources */,
				1271096318780B1F0021E87E /* Frameworks */,
				1271096418780B1F0021E87E /* Resources */,
			);
			buildRules = (
			);
			dependencies = (
				1271096C18780B1F0021E87E /* PBXTargetDependency */,
			);
			name = OctoKitDemoTests;
			productName = OctoKitDemoTests;
			productReference = 1271096618780B1F0021E87E /* OctoKitDemoTests.xctest */;
			productType = "com.apple.product-type.bundle.unit-test";
		};
/* End PBXNativeTarget section */

/* Begin PBXProject section */
		1271093A18780B1F0021E87E /* Project object */ = {
			isa = PBXProject;
			attributes = {
				CLASSPREFIX = RX;
				LastUpgradeCheck = 0500;
				ORGANIZATIONNAME = nkapp;
				TargetAttributes = {
					1271096518780B1F0021E87E = {
						TestTargetID = 1271094118780B1F0021E87E;
					};
				};
			};
			buildConfigurationList = 1271093D18780B1F0021E87E /* Build configuration list for PBXProject "OctoKitDemo" */;
			compatibilityVersion = "Xcode 3.2";
			developmentRegion = English;
			hasScannedForEncodings = 0;
			knownRegions = (
				en,
				Base,
			);
			mainGroup = 1271093918780B1F0021E87E;
			productRefGroup = 1271094318780B1F0021E87E /* Products */;
			projectDirPath = "";
			projectReferences = (
				{
					ProductGroup = 12A78F5418790AD0006B90E5 /* Products */;
					ProjectRef = 12A78F5318790AD0006B90E5 /* Mantle.xcodeproj */;
				},
				{
					ProductGroup = 12A78D0718790A8E006B90E5 /* Products */;
					ProjectRef = 12A78D0618790A8E006B90E5 /* OctoKit.xcodeproj */;
				},
				{
					ProductGroup = 12A78D2018790AA3006B90E5 /* Products */;
					ProjectRef = 12A78D1F18790AA3006B90E5 /* OctoKitDependencies.xcodeproj */;
				},
				{
					ProductGroup = 12A78F7E18790B00006B90E5 /* Products */;
					ProjectRef = 12A78F7D18790B00006B90E5 /* OHHTTPStubs.xcodeproj */;
				},
				{
					ProductGroup = 12A78F6618790ADC006B90E5 /* Products */;
					ProjectRef = 12A78F6518790ADC006B90E5 /* ReactiveCocoa.xcodeproj */;
				},
			);
			projectRoot = "";
			targets = (
				1271094118780B1F0021E87E /* OctoKitDemo */,
				1271096518780B1F0021E87E /* OctoKitDemoTests */,
			);
		};
/* End PBXProject section */

/* Begin PBXReferenceProxy section */
		12A78D1818790A8F006B90E5 /* OctoKit.framework */ = {
			isa = PBXReferenceProxy;
			fileType = wrapper.framework;
			path = OctoKit.framework;
			remoteRef = 12A78D1718790A8F006B90E5 /* PBXContainerItemProxy */;
			sourceTree = BUILT_PRODUCTS_DIR;
		};
		12A78D1A18790A8F006B90E5 /* OctoKit Mac Tests.octest */ = {
			isa = PBXReferenceProxy;
			fileType = wrapper.cfbundle;
			path = "OctoKit Mac Tests.octest";
			remoteRef = 12A78D1918790A8F006B90E5 /* PBXContainerItemProxy */;
			sourceTree = BUILT_PRODUCTS_DIR;
		};
		12A78D1C18790A8F006B90E5 /* libOctoKit.a */ = {
			isa = PBXReferenceProxy;
			fileType = archive.ar;
			path = libOctoKit.a;
			remoteRef = 12A78D1B18790A8F006B90E5 /* PBXContainerItemProxy */;
			sourceTree = BUILT_PRODUCTS_DIR;
		};
		12A78D1E18790A8F006B90E5 /* OctoKit iOS Tests.octest */ = {
			isa = PBXReferenceProxy;
			fileType = wrapper.cfbundle;
			path = "OctoKit iOS Tests.octest";
			remoteRef = 12A78D1D18790A8F006B90E5 /* PBXContainerItemProxy */;
			sourceTree = BUILT_PRODUCTS_DIR;
		};
		12A78D2718790AA3006B90E5 /* AFNetworking.framework */ = {
			isa = PBXReferenceProxy;
			fileType = wrapper.framework;
			path = AFNetworking.framework;
			remoteRef = 12A78D2618790AA3006B90E5 /* PBXContainerItemProxy */;
			sourceTree = BUILT_PRODUCTS_DIR;
		};
		12A78D2918790AA3006B90E5 /* libAFNetworking.a */ = {
			isa = PBXReferenceProxy;
			fileType = archive.ar;
			path = libAFNetworking.a;
			remoteRef = 12A78D2818790AA3006B90E5 /* PBXContainerItemProxy */;
			sourceTree = BUILT_PRODUCTS_DIR;
		};
		12A78D2B18790AA3006B90E5 /* ISO8601DateFormatter.framework */ = {
			isa = PBXReferenceProxy;
			fileType = wrapper.framework;
			path = ISO8601DateFormatter.framework;
			remoteRef = 12A78D2A18790AA3006B90E5 /* PBXContainerItemProxy */;
			sourceTree = BUILT_PRODUCTS_DIR;
		};
		12A78D2D18790AA3006B90E5 /* libISO8601DateFormatter.a */ = {
			isa = PBXReferenceProxy;
			fileType = archive.ar;
			path = libISO8601DateFormatter.a;
			remoteRef = 12A78D2C18790AA3006B90E5 /* PBXContainerItemProxy */;
			sourceTree = BUILT_PRODUCTS_DIR;
		};
		12A78F5C18790AD0006B90E5 /* Mantle.framework */ = {
			isa = PBXReferenceProxy;
			fileType = wrapper.framework;
			path = Mantle.framework;
			remoteRef = 12A78F5B18790AD0006B90E5 /* PBXContainerItemProxy */;
			sourceTree = BUILT_PRODUCTS_DIR;
		};
		12A78F5E18790AD0006B90E5 /* Mantle Tests.octest */ = {
			isa = PBXReferenceProxy;
			fileType = wrapper.cfbundle;
			path = "Mantle Tests.octest";
			remoteRef = 12A78F5D18790AD0006B90E5 /* PBXContainerItemProxy */;
			sourceTree = BUILT_PRODUCTS_DIR;
		};
		12A78F6018790AD0006B90E5 /* libMantle-iOS.a */ = {
			isa = PBXReferenceProxy;
			fileType = archive.ar;
			path = "libMantle-iOS.a";
			remoteRef = 12A78F5F18790AD0006B90E5 /* PBXContainerItemProxy */;
			sourceTree = BUILT_PRODUCTS_DIR;
		};
		12A78F6218790AD0006B90E5 /* Mantle-iOS Tests.octest */ = {
			isa = PBXReferenceProxy;
			fileType = wrapper.cfbundle;
			path = "Mantle-iOS Tests.octest";
			remoteRef = 12A78F6118790AD0006B90E5 /* PBXContainerItemProxy */;
			sourceTree = BUILT_PRODUCTS_DIR;
		};
		12A78F6418790AD0006B90E5 /* libMantle-Mac.a */ = {
			isa = PBXReferenceProxy;
			fileType = archive.ar;
			path = "libMantle-Mac.a";
			remoteRef = 12A78F6318790AD0006B90E5 /* PBXContainerItemProxy */;
			sourceTree = BUILT_PRODUCTS_DIR;
		};
		12A78F7018790ADD006B90E5 /* ReactiveCocoa.framework */ = {
			isa = PBXReferenceProxy;
			fileType = wrapper.framework;
			path = ReactiveCocoa.framework;
			remoteRef = 12A78F6F18790ADD006B90E5 /* PBXContainerItemProxy */;
			sourceTree = BUILT_PRODUCTS_DIR;
		};
		12A78F7218790ADD006B90E5 /* libReactiveCocoa-iOS.a */ = {
			isa = PBXReferenceProxy;
			fileType = archive.ar;
			path = "libReactiveCocoa-iOS.a";
			remoteRef = 12A78F7118790ADD006B90E5 /* PBXContainerItemProxy */;
			sourceTree = BUILT_PRODUCTS_DIR;
		};
		12A78F7418790ADD006B90E5 /* ReactiveCocoaTests.octest */ = {
			isa = PBXReferenceProxy;
			fileType = wrapper.cfbundle;
			path = ReactiveCocoaTests.octest;
			remoteRef = 12A78F7318790ADD006B90E5 /* PBXContainerItemProxy */;
			sourceTree = BUILT_PRODUCTS_DIR;
		};
		12A78F7618790ADD006B90E5 /* ReactiveCocoaTests-iOS.octest */ = {
			isa = PBXReferenceProxy;
			fileType = wrapper.cfbundle;
			path = "ReactiveCocoaTests-iOS.octest";
			remoteRef = 12A78F7518790ADD006B90E5 /* PBXContainerItemProxy */;
			sourceTree = BUILT_PRODUCTS_DIR;
		};
		12A78F7818790ADD006B90E5 /* ReactiveCocoa-iOS-UIKitTestHost.app */ = {
			isa = PBXReferenceProxy;
			fileType = wrapper.application;
			path = "ReactiveCocoa-iOS-UIKitTestHost.app";
			remoteRef = 12A78F7718790ADD006B90E5 /* PBXContainerItemProxy */;
			sourceTree = BUILT_PRODUCTS_DIR;
		};
		12A78F7A18790ADD006B90E5 /* ReactiveCocoa-iOS-UIKitTestHostTests.octest */ = {
			isa = PBXReferenceProxy;
			fileType = wrapper.cfbundle;
			path = "ReactiveCocoa-iOS-UIKitTestHostTests.octest";
			remoteRef = 12A78F7918790ADD006B90E5 /* PBXContainerItemProxy */;
			sourceTree = BUILT_PRODUCTS_DIR;
		};
		12A78F7C18790ADD006B90E5 /* libReactiveCocoa-Mac.a */ = {
			isa = PBXReferenceProxy;
			fileType = archive.ar;
			path = "libReactiveCocoa-Mac.a";
			remoteRef = 12A78F7B18790ADD006B90E5 /* PBXContainerItemProxy */;
			sourceTree = BUILT_PRODUCTS_DIR;
		};
		12A78F8418790B00006B90E5 /* libOHHTTPStubs-iOS.a */ = {
			isa = PBXReferenceProxy;
			fileType = archive.ar;
			path = "libOHHTTPStubs-iOS.a";
			remoteRef = 12A78F8318790B00006B90E5 /* PBXContainerItemProxy */;
			sourceTree = BUILT_PRODUCTS_DIR;
		};
		12A78F8618790B00006B90E5 /* UnitTests.octest */ = {
			isa = PBXReferenceProxy;
			fileType = wrapper.cfbundle;
			path = UnitTests.octest;
			remoteRef = 12A78F8518790B00006B90E5 /* PBXContainerItemProxy */;
			sourceTree = BUILT_PRODUCTS_DIR;
		};
		12A78F8818790B00006B90E5 /* OHHTTPStubs.framework */ = {
			isa = PBXReferenceProxy;
			fileType = wrapper.framework;
			path = OHHTTPStubs.framework;
			remoteRef = 12A78F8718790B00006B90E5 /* PBXContainerItemProxy */;
			sourceTree = BUILT_PRODUCTS_DIR;
		};
/* End PBXReferenceProxy section */

/* Begin PBXResourcesBuildPhase section */
		1271094018780B1F0021E87E /* Resources */ = {
			isa = PBXResourcesBuildPhase;
			buildActionMask = 2147483647;
			files = (
				1271096118780B1F0021E87E /* Images.xcassets in Resources */,
				1271095018780B1F0021E87E /* InfoPlist.strings in Resources */,
				1271095918780B1F0021E87E /* Main.storyboard in Resources */,
			);
			runOnlyForDeploymentPostprocessing = 0;
		};
		1271096418780B1F0021E87E /* Resources */ = {
			isa = PBXResourcesBuildPhase;
			buildActionMask = 2147483647;
			files = (
				1271097218780B1F0021E87E /* InfoPlist.strings in Resources */,
			);
			runOnlyForDeploymentPostprocessing = 0;
		};
/* End PBXResourcesBuildPhase section */

/* Begin PBXSourcesBuildPhase section */
		1271093E18780B1F0021E87E /* Sources */ = {
			isa = PBXSourcesBuildPhase;
			buildActionMask = 2147483647;
			files = (
				1271095C18780B1F0021E87E /* RXMasterViewController.m in Sources */,
				1271095618780B1F0021E87E /* RXAppDelegate.m in Sources */,
				1271095218780B1F0021E87E /* main.m in Sources */,
				1271095F18780B1F0021E87E /* RXDetailViewController.m in Sources */,
			);
			runOnlyForDeploymentPostprocessing = 0;
		};
		1271096218780B1F0021E87E /* Sources */ = {
			isa = PBXSourcesBuildPhase;
			buildActionMask = 2147483647;
			files = (
				1271097418780B1F0021E87E /* OctoKitDemoTests.m in Sources */,
			);
			runOnlyForDeploymentPostprocessing = 0;
		};
/* End PBXSourcesBuildPhase section */

/* Begin PBXTargetDependency section */
		1271096C18780B1F0021E87E /* PBXTargetDependency */ = {
			isa = PBXTargetDependency;
			target = 1271094118780B1F0021E87E /* OctoKitDemo */;
			targetProxy = 1271096B18780B1F0021E87E /* PBXContainerItemProxy */;
		};
/* End PBXTargetDependency section */

/* Begin PBXVariantGroup section */
		1271094E18780B1F0021E87E /* InfoPlist.strings */ = {
			isa = PBXVariantGroup;
			children = (
				1271094F18780B1F0021E87E /* en */,
			);
			name = InfoPlist.strings;
			sourceTree = "<group>";
		};
		1271095718780B1F0021E87E /* Main.storyboard */ = {
			isa = PBXVariantGroup;
			children = (
				1271095818780B1F0021E87E /* Base */,
			);
			name = Main.storyboard;
			sourceTree = "<group>";
		};
		1271097018780B1F0021E87E /* InfoPlist.strings */ = {
			isa = PBXVariantGroup;
			children = (
				1271097118780B1F0021E87E /* en */,
			);
			name = InfoPlist.strings;
			sourceTree = "<group>";
		};
/* End PBXVariantGroup section */

/* Begin XCBuildConfiguration section */
		1271097518780B1F0021E87E /* Debug */ = {
			isa = XCBuildConfiguration;
			buildSettings = {
				ALWAYS_SEARCH_USER_PATHS = NO;
				ARCHS = "$(ARCHS_STANDARD_INCLUDING_64_BIT)";
				CLANG_CXX_LANGUAGE_STANDARD = "gnu++0x";
				CLANG_CXX_LIBRARY = "libc++";
				CLANG_ENABLE_MODULES = YES;
				CLANG_ENABLE_OBJC_ARC = YES;
				CLANG_WARN_BOOL_CONVERSION = YES;
				CLANG_WARN_CONSTANT_CONVERSION = YES;
				CLANG_WARN_DIRECT_OBJC_ISA_USAGE = YES_ERROR;
				CLANG_WARN_EMPTY_BODY = YES;
				CLANG_WARN_ENUM_CONVERSION = YES;
				CLANG_WARN_INT_CONVERSION = YES;
				CLANG_WARN_OBJC_ROOT_CLASS = YES_ERROR;
				CLANG_WARN__DUPLICATE_METHOD_MATCH = YES;
				"CODE_SIGN_IDENTITY[sdk=iphoneos*]" = "iPhone Developer";
				COPY_PHASE_STRIP = NO;
				GCC_C_LANGUAGE_STANDARD = gnu99;
				GCC_DYNAMIC_NO_PIC = NO;
				GCC_OPTIMIZATION_LEVEL = 0;
				GCC_PREPROCESSOR_DEFINITIONS = (
					"DEBUG=1",
					"$(inherited)",
				);
				GCC_SYMBOLS_PRIVATE_EXTERN = NO;
				GCC_WARN_64_TO_32_BIT_CONVERSION = YES;
				GCC_WARN_ABOUT_RETURN_TYPE = YES_ERROR;
				GCC_WARN_UNDECLARED_SELECTOR = YES;
				GCC_WARN_UNINITIALIZED_AUTOS = YES;
				GCC_WARN_UNUSED_FUNCTION = YES;
				GCC_WARN_UNUSED_VARIABLE = YES;
				IPHONEOS_DEPLOYMENT_TARGET = 7.0;
				ONLY_ACTIVE_ARCH = YES;
				SDKROOT = iphoneos;
			};
			name = Debug;
		};
		1271097618780B1F0021E87E /* Release */ = {
			isa = XCBuildConfiguration;
			buildSettings = {
				ALWAYS_SEARCH_USER_PATHS = NO;
				ARCHS = "$(ARCHS_STANDARD_INCLUDING_64_BIT)";
				CLANG_CXX_LANGUAGE_STANDARD = "gnu++0x";
				CLANG_CXX_LIBRARY = "libc++";
				CLANG_ENABLE_MODULES = YES;
				CLANG_ENABLE_OBJC_ARC = YES;
				CLANG_WARN_BOOL_CONVERSION = YES;
				CLANG_WARN_CONSTANT_CONVERSION = YES;
				CLANG_WARN_DIRECT_OBJC_ISA_USAGE = YES_ERROR;
				CLANG_WARN_EMPTY_BODY = YES;
				CLANG_WARN_ENUM_CONVERSION = YES;
				CLANG_WARN_INT_CONVERSION = YES;
				CLANG_WARN_OBJC_ROOT_CLASS = YES_ERROR;
				CLANG_WARN__DUPLICATE_METHOD_MATCH = YES;
				"CODE_SIGN_IDENTITY[sdk=iphoneos*]" = "iPhone Developer";
				COPY_PHASE_STRIP = YES;
				ENABLE_NS_ASSERTIONS = NO;
				GCC_C_LANGUAGE_STANDARD = gnu99;
				GCC_WARN_64_TO_32_BIT_CONVERSION = YES;
				GCC_WARN_ABOUT_RETURN_TYPE = YES_ERROR;
				GCC_WARN_UNDECLARED_SELECTOR = YES;
				GCC_WARN_UNINITIALIZED_AUTOS = YES;
				GCC_WARN_UNUSED_FUNCTION = YES;
				GCC_WARN_UNUSED_VARIABLE = YES;
				IPHONEOS_DEPLOYMENT_TARGET = 7.0;
				SDKROOT = iphoneos;
				VALIDATE_PRODUCT = YES;
			};
			name = Release;
		};
		1271097818780B1F0021E87E /* Debug */ = {
			isa = XCBuildConfiguration;
			buildSettings = {
				ASSETCATALOG_COMPILER_APPICON_NAME = AppIcon;
				ASSETCATALOG_COMPILER_LAUNCHIMAGE_NAME = LaunchImage;
				GCC_PRECOMPILE_PREFIX_HEADER = YES;
				GCC_PREFIX_HEADER = "OctoKitDemo/OctoKitDemo-Prefix.pch";
				HEADER_SEARCH_PATHS = (
					"$(inherited)",
					/Applications/Xcode.app/Contents/Developer/Toolchains/XcodeDefault.xctoolchain/usr/include,
					"$(inherited)",
					"$(BUILD_ROOT)/../IntermediateBuildFilesPath/UninstalledProducts/include",
				);
				INFOPLIST_FILE = "OctoKitDemo/OctoKitDemo-Info.plist";
				LIBRARY_SEARCH_PATHS = (
					"$(inherited)",
					/Users/naokits/Desktop/OctoKitDemo/OctoKit/External/Mantle/MantleTests/specta/test/vendor/expecta,
				);
				OTHER_LDFLAGS = "-ObjC";
				PRODUCT_NAME = "$(TARGET_NAME)";
				WRAPPER_EXTENSION = app;
			};
			name = Debug;
		};
		1271097918780B1F0021E87E /* Release */ = {
			isa = XCBuildConfiguration;
			buildSettings = {
				ASSETCATALOG_COMPILER_APPICON_NAME = AppIcon;
				ASSETCATALOG_COMPILER_LAUNCHIMAGE_NAME = LaunchImage;
				GCC_PRECOMPILE_PREFIX_HEADER = YES;
				GCC_PREFIX_HEADER = "OctoKitDemo/OctoKitDemo-Prefix.pch";
				HEADER_SEARCH_PATHS = (
					"$(inherited)",
					/Applications/Xcode.app/Contents/Developer/Toolchains/XcodeDefault.xctoolchain/usr/include,
					"$(inherited)",
					"$(BUILD_ROOT)/../IntermediateBuildFilesPath/UninstalledProducts/include",
				);
				INFOPLIST_FILE = "OctoKitDemo/OctoKitDemo-Info.plist";
				LIBRARY_SEARCH_PATHS = (
					"$(inherited)",
					/Users/naokits/Desktop/OctoKitDemo/OctoKit/External/Mantle/MantleTests/specta/test/vendor/expecta,
				);
				OTHER_LDFLAGS = "-ObjC";
				PRODUCT_NAME = "$(TARGET_NAME)";
				WRAPPER_EXTENSION = app;
			};
			name = Release;
		};
		1271097B18780B1F0021E87E /* Debug */ = {
			isa = XCBuildConfiguration;
			buildSettings = {
				ARCHS = "$(ARCHS_STANDARD_INCLUDING_64_BIT)";
				BUNDLE_LOADER = "$(BUILT_PRODUCTS_DIR)/OctoKitDemo.app/OctoKitDemo";
				FRAMEWORK_SEARCH_PATHS = (
					"$(SDKROOT)/Developer/Library/Frameworks",
					"$(inherited)",
					"$(DEVELOPER_FRAMEWORKS_DIR)",
				);
				GCC_PRECOMPILE_PREFIX_HEADER = YES;
				GCC_PREFIX_HEADER = "OctoKitDemo/OctoKitDemo-Prefix.pch";
				GCC_PREPROCESSOR_DEFINITIONS = (
					"DEBUG=1",
					"$(inherited)",
				);
				INFOPLIST_FILE = "OctoKitDemoTests/OctoKitDemoTests-Info.plist";
				PRODUCT_NAME = "$(TARGET_NAME)";
				TEST_HOST = "$(BUNDLE_LOADER)";
				WRAPPER_EXTENSION = xctest;
			};
			name = Debug;
		};
		1271097C18780B1F0021E87E /* Release */ = {
			isa = XCBuildConfiguration;
			buildSettings = {
				ARCHS = "$(ARCHS_STANDARD_INCLUDING_64_BIT)";
				BUNDLE_LOADER = "$(BUILT_PRODUCTS_DIR)/OctoKitDemo.app/OctoKitDemo";
				FRAMEWORK_SEARCH_PATHS = (
					"$(SDKROOT)/Developer/Library/Frameworks",
					"$(inherited)",
					"$(DEVELOPER_FRAMEWORKS_DIR)",
				);
				GCC_PRECOMPILE_PREFIX_HEADER = YES;
				GCC_PREFIX_HEADER = "OctoKitDemo/OctoKitDemo-Prefix.pch";
				INFOPLIST_FILE = "OctoKitDemoTests/OctoKitDemoTests-Info.plist";
				PRODUCT_NAME = "$(TARGET_NAME)";
				TEST_HOST = "$(BUNDLE_LOADER)";
				WRAPPER_EXTENSION = xctest;
			};
			name = Release;
		};
/* End XCBuildConfiguration section */

/* Begin XCConfigurationList section */
		1271093D18780B1F0021E87E /* Build configuration list for PBXProject "OctoKitDemo" */ = {
			isa = XCConfigurationList;
			buildConfigurations = (
				1271097518780B1F0021E87E /* Debug */,
				1271097618780B1F0021E87E /* Release */,
			);
			defaultConfigurationIsVisible = 0;
			defaultConfigurationName = Release;
		};
		1271097718780B1F0021E87E /* Build configuration list for PBXNativeTarget "OctoKitDemo" */ = {
			isa = XCConfigurationList;
			buildConfigurations = (
				1271097818780B1F0021E87E /* Debug */,
				1271097918780B1F0021E87E /* Release */,
			);
			defaultConfigurationIsVisible = 0;
			defaultConfigurationName = Release;
		};
		1271097A18780B1F0021E87E /* Build configuration list for PBXNativeTarget "OctoKitDemoTests" */ = {
			isa = XCConfigurationList;
			buildConfigurations = (
				1271097B18780B1F0021E87E /* Debug */,
				1271097C18780B1F0021E87E /* Release */,
			);
			defaultConfigurationIsVisible = 0;
			defaultConfigurationName = Release;
		};
/* End XCConfigurationList section */
	};
	rootObject = 1271093A18780B1F0021E87E /* Project object */;
}
